
Microsoft Visual Studio Solution File, Format Version 12.00
# Visual Studio Version 16
VisualStudioVersion = 16.0.29201.188
MinimumVisualStudioVersion = 10.0.40219.1
Project("{9A19103F-16F7-4668-BE54-9A1E7A4F7556}") = "ZScript-CSharp", "ZScript-CSharp\ZScript-CSharp.csproj", "{A89C255B-CC22-4E15-A944-BCD2495F2BA0}"
EndProject
Project("{8BC9CEB8-8B4A-11D0-8D11-00A0C91BC942}") = "ZScript-C", "ZScript-C\ZScript-C.vcxproj", "{5B78D36C-726D-4B3A-BE52-0E0CC069C14D}"
EndProject
Global
	GlobalSection(SolutionConfigurationPlatforms) = preSolution
		Debug|Any CPU = Debug|Any CPU
		Debug|x64 = Debug|x64
		Debug|x86 = Debug|x86
		Release|Any CPU = Release|Any CPU
		Release|x64 = Release|x64
		Release|x86 = Release|x86
	EndGlobalSection
	GlobalSection(ProjectConfigurationPlatforms) = postSolution
		{A89C255B-CC22-4E15-A944-BCD2495F2BA0}.Debug|Any CPU.ActiveCfg = Debug|Any CPU
		{A89C255B-CC22-4E15-A944-BCD2495F2BA0}.Debug|Any CPU.Build.0 = Debug|Any CPU
		{A89C255B-CC22-4E15-A944-BCD2495F2BA0}.Debug|x64.ActiveCfg = Debug|Any CPU
		{A89C255B-CC22-4E15-A944-BCD2495F2BA0}.Debug|x64.Build.0 = Debug|Any CPU
		{A89C255B-CC22-4E15-A944-BCD2495F2BA0}.Debug|x86.ActiveCfg = Debug|Any CPU
		{A89C255B-CC22-4E15-A944-BCD2495F2BA0}.Debug|x86.Build.0 = Debug|Any CPU
		{A89C255B-CC22-4E15-A944-BCD2495F2BA0}.Release|Any CPU.ActiveCfg = Release|Any CPU
		{A89C255B-CC22-4E15-A944-BCD2495F2BA0}.Release|Any CPU.Build.0 = Release|Any CPU
		{A89C255B-CC22-4E15-A944-BCD2495F2BA0}.Release|x64.ActiveCfg = Release|Any CPU
		{A89C255B-CC22-4E15-A944-BCD2495F2BA0}.Release|x64.Build.0 = Release|Any CPU
		{A89C255B-CC22-4E15-A944-BCD2495F2BA0}.Release|x86.ActiveCfg = Release|Any CPU
		{A89C255B-CC22-4E15-A944-BCD2495F2BA0}.Release|x86.Build.0 = Release|Any CPU
		{5B78D36C-726D-4B3A-BE52-0E0CC069C14D}.Debug|Any CPU.ActiveCfg = Debug|Win32
		{5B78D36C-726D-4B3A-BE52-0E0CC069C14D}.Debug|x64.ActiveCfg = Debug|x64
		{5B78D36C-726D-4B3A-BE52-0E0CC069C14D}.Debug|x64.Build.0 = Debug|x64
		{5B78D36C-726D-4B3A-BE52-0E0CC069C14D}.Debug|x86.ActiveCfg = Debug|Win32
		{5B78D36C-726D-4B3A-BE52-0E0CC069C14D}.Debug|x86.Build.0 = Debug|Win32
		{5B78D36C-726D-4B3A-BE52-0E0CC069C14D}.Release|Any CPU.ActiveCfg = Release|Win32
		{5B78D36C-726D-4B3A-BE52-0E0CC069C14D}.Release|x64.ActiveCfg = Release|x64
		{5B78D36C-726D-4B3A-BE52-0E0CC069C14D}.Release|x64.Build.0 = Release|x64
		{5B78D36C-726D-4B3A-BE52-0E0CC069C14D}.Release|x86.ActiveCfg = Release|Win32
		{5B78D36C-726D-4B3A-BE52-0E0CC069C14D}.Release|x86.Build.0 = Release|Win32
	EndGlobalSection
	GlobalSection(SolutionProperties) = preSolution
		HideSolutionNode = FALSE
	EndGlobalSection
	GlobalSection(ExtensibilityGlobals) = postSolution
		SolutionGuid = {5289E6CB-F1DF-4FDC-9965-72F85E2644CE}
	EndGlobalSection
EndGlobal
